
Microsoft Visual Studio Solution File, Format Version 12.00
# Visual Studio Version 16
VisualStudioVersion = 25.0.1706.0
MinimumVisualStudioVersion = 10.0.40219.1
Project("{FAE04EC0-301F-11D3-BF4B-00C04F79EFBC}") = "Server", "Server\Server.csproj", "{64D31D25-BED8-4A87-B9DF-B5B06F6FA9DE}"
EndProject
Project("{FAE04EC0-301F-11D3-BF4B-00C04F79EFBC}") = "SharedLibrary", "SharedLibrary\SharedLibrary.csproj", "{3A174453-7B58-4638-B10A-A86198DD3AAB}"
EndProject
Global
	GlobalSection(SolutionConfigurationPlatforms) = preSolution
		Debug|Any CPU = Debug|Any CPU
		Release|Any CPU = Release|Any CPU
	EndGlobalSection
	GlobalSection(ProjectConfigurationPlatforms) = postSolution
		{64D31D25-BED8-4A87-B9DF-B5B06F6FA9DE}.Debug|Any CPU.ActiveCfg = Debug|Any CPU
		{64D31D25-BED8-4A87-B9DF-B5B06F6FA9DE}.Debug|Any CPU.Build.0 = Debug|Any CPU
		{64D31D25-BED8-4A87-B9DF-B5B06F6FA9DE}.Release|Any CPU.ActiveCfg = Release|Any CPU
		{64D31D25-BED8-4A87-B9DF-B5B06F6FA9DE}.Release|Any CPU.Build.0 = Release|Any CPU
		{3A174453-7B58-4638-B10A-A86198DD3AAB}.Debug|Any CPU.ActiveCfg = Debug|Any CPU
		{3A174453-7B58-4638-B10A-A86198DD3AAB}.Debug|Any CPU.Build.0 = Debug|Any CPU
		{3A174453-7B58-4638-B10A-A86198DD3AAB}.Release|Any CPU.ActiveCfg = Release|Any CPU
		{3A174453-7B58-4638-B10A-A86198DD3AAB}.Release|Any CPU.Build.0 = Release|Any CPU
	EndGlobalSection
	GlobalSection(SolutionProperties) = preSolution
		HideSolutionNode = FALSE
	EndGlobalSection
	GlobalSection(ExtensibilityGlobals) = postSolution
		SolutionGuid = {AD229930-6660-45B3-99A7-EC39A506E0F9}
	EndGlobalSection
EndGlobal
